// !$*UTF8*$!
{
	archiveVersion = 1;
	classes = {
	};
	objectVersion = 50;
	objects = {

/* Begin PBXBuildFile section */
		6424045D27C6B00B0053B5E3 /* TapArea.swift in Sources */ = {isa = PBXBuildFile; fileRef = 6424045C27C6B00B0053B5E3 /* TapArea.swift */; };
		642A9E9727D6898F00DE4098 /* GameOverScene.swift in Sources */ = {isa = PBXBuildFile; fileRef = 642A9E9627D6898F00DE4098 /* GameOverScene.swift */; };
		642A9E9B27D68A1F00DE4098 /* GameOverScene.sks in Resources */ = {isa = PBXBuildFile; fileRef = 642A9E9A27D68A1F00DE4098 /* GameOverScene.sks */; };
		6456886127DFB11A00888395 /* Magic.sks in Resources */ = {isa = PBXBuildFile; fileRef = 6456886027DFB11A00888395 /* Magic.sks */; };
		6456886327DFB54F00888395 /* wromg.aiff in Resources */ = {isa = PBXBuildFile; fileRef = 6456886227DFB54F00888395 /* wromg.aiff */; };
		647468A727D92AEC005F2444 /* monsters.mp3 in Resources */ = {isa = PBXBuildFile; fileRef = 647468A627D92AEC005F2444 /* monsters.mp3 */; };
		647468A927D931C3005F2444 /* CityLights.mp3 in Resources */ = {isa = PBXBuildFile; fileRef = 647468A827D931C3005F2444 /* CityLights.mp3 */; };
		6486F2C227C56475009C2FF0 /* AppDelegate.swift in Sources */ = {isa = PBXBuildFile; fileRef = 6486F2C127C56475009C2FF0 /* AppDelegate.swift */; };
		6486F2C427C56475009C2FF0 /* GameScene.sks in Resources */ = {isa = PBXBuildFile; fileRef = 6486F2C327C56475009C2FF0 /* GameScene.sks */; };
		6486F2C827C56475009C2FF0 /* GameScene.swift in Sources */ = {isa = PBXBuildFile; fileRef = 6486F2C727C56475009C2FF0 /* GameScene.swift */; };
		6486F2CA27C56475009C2FF0 /* GameViewController.swift in Sources */ = {isa = PBXBuildFile; fileRef = 6486F2C927C56475009C2FF0 /* GameViewController.swift */; };
		6486F2CD27C56475009C2FF0 /* Main.storyboard in Resources */ = {isa = PBXBuildFile; fileRef = 6486F2CB27C56475009C2FF0 /* Main.storyboard */; };
		6486F2CF27C56476009C2FF0 /* Assets.xcassets in Resources */ = {isa = PBXBuildFile; fileRef = 6486F2CE27C56476009C2FF0 /* Assets.xcassets */; };
		64A5084B27D13CE100FC4407 /* Bokeh.sks in Resources */ = {isa = PBXBuildFile; fileRef = 64A5084A27D13CE100FC4407 /* Bokeh.sks */; };
		64A5084F27D1415000FC4407 /* splash.aiff in Resources */ = {isa = PBXBuildFile; fileRef = 64A5084D27D1415000FC4407 /* splash.aiff */; };
		64F2BA7827DF7C05006E9570 /* robot-click.aiff in Resources */ = {isa = PBXBuildFile; fileRef = 64F2BA7727DF7C05006E9570 /* robot-click.aiff */; };
/* End PBXBuildFile section */

/* Begin PBXFileReference section */
		6424045C27C6B00B0053B5E3 /* TapArea.swift */ = {isa = PBXFileReference; lastKnownFileType = sourcecode.swift; path = TapArea.swift; sourceTree = "<group>"; };
		642A9E9627D6898F00DE4098 /* GameOverScene.swift */ = {isa = PBXFileReference; lastKnownFileType = sourcecode.swift; path = GameOverScene.swift; sourceTree = "<group>"; };
		642A9E9A27D68A1F00DE4098 /* GameOverScene.sks */ = {isa = PBXFileReference; lastKnownFileType = file.sks; path = GameOverScene.sks; sourceTree = "<group>"; };
		6456886027DFB11A00888395 /* Magic.sks */ = {isa = PBXFileReference; lastKnownFileType = file.sks; path = Magic.sks; sourceTree = "<group>"; };
		6456886227DFB54F00888395 /* wromg.aiff */ = {isa = PBXFileReference; lastKnownFileType = audio.aiff; path = wromg.aiff; sourceTree = "<group>"; };
		647468A627D92AEC005F2444 /* monsters.mp3 */ = {isa = PBXFileReference; lastKnownFileType = audio.mp3; path = monsters.mp3; sourceTree = "<group>"; };
		647468A827D931C3005F2444 /* CityLights.mp3 */ = {isa = PBXFileReference; lastKnownFileType = audio.mp3; path = CityLights.mp3; sourceTree = "<group>"; };
		6486F2BE27C56475009C2FF0 /* Freethereum.app */ = {isa = PBXFileReference; explicitFileType = wrapper.application; includeInIndex = 0; path = Freethereum.app; sourceTree = BUILT_PRODUCTS_DIR; };
		6486F2C127C56475009C2FF0 /* AppDelegate.swift */ = {isa = PBXFileReference; lastKnownFileType = sourcecode.swift; path = AppDelegate.swift; sourceTree = "<group>"; };
		6486F2C327C56475009C2FF0 /* GameScene.sks */ = {isa = PBXFileReference; lastKnownFileType = file.sks; path = GameScene.sks; sourceTree = "<group>"; };
		6486F2C727C56475009C2FF0 /* GameScene.swift */ = {isa = PBXFileReference; lastKnownFileType = sourcecode.swift; path = GameScene.swift; sourceTree = "<group>"; };
		6486F2C927C56475009C2FF0 /* GameViewController.swift */ = {isa = PBXFileReference; lastKnownFileType = sourcecode.swift; path = GameViewController.swift; sourceTree = "<group>"; };
		6486F2CC27C56475009C2FF0 /* Base */ = {isa = PBXFileReference; lastKnownFileType = file.storyboard; name = Base; path = Base.lproj/Main.storyboard; sourceTree = "<group>"; };
		6486F2CE27C56476009C2FF0 /* Assets.xcassets */ = {isa = PBXFileReference; lastKnownFileType = folder.assetcatalog; path = Assets.xcassets; sourceTree = "<group>"; };
		6486F2D027C56476009C2FF0 /* Info.plist */ = {isa = PBXFileReference; lastKnownFileType = text.plist.xml; path = Info.plist; sourceTree = "<group>"; };
		64A5084A27D13CE100FC4407 /* Bokeh.sks */ = {isa = PBXFileReference; lastKnownFileType = file.sks; path = Bokeh.sks; sourceTree = "<group>"; };
		64A5084D27D1415000FC4407 /* splash.aiff */ = {isa = PBXFileReference; lastKnownFileType = audio.aiff; path = splash.aiff; sourceTree = "<group>"; };
		64F2BA7727DF7C05006E9570 /* robot-click.aiff */ = {isa = PBXFileReference; lastKnownFileType = audio.aiff; path = "robot-click.aiff"; sourceTree = "<group>"; };
/* End PBXFileReference section */

/* Begin PBXFrameworksBuildPhase section */
		6486F2BB27C56475009C2FF0 /* Frameworks */ = {
			isa = PBXFrameworksBuildPhase;
			buildActionMask = 2147483647;
			files = (
			);
			runOnlyForDeploymentPostprocessing = 0;
		};
/* End PBXFrameworksBuildPhase section */

/* Begin PBXGroup section */
		6486F2B527C56475009C2FF0 = {
			isa = PBXGroup;
			children = (
				6486F2C027C56475009C2FF0 /* Freethereum */,
				6486F2BF27C56475009C2FF0 /* Products */,
			);
			sourceTree = "<group>";
		};
		6486F2BF27C56475009C2FF0 /* Products */ = {
			isa = PBXGroup;
			children = (
				6486F2BE27C56475009C2FF0 /* Freethereum.app */,
			);
			name = Products;
			sourceTree = "<group>";
		};
		6486F2C027C56475009C2FF0 /* Freethereum */ = {
			isa = PBXGroup;
			children = (
				6486F2C127C56475009C2FF0 /* AppDelegate.swift */,
				6486F2C327C56475009C2FF0 /* GameScene.sks */,
				6486F2C727C56475009C2FF0 /* GameScene.swift */,
				6486F2C927C56475009C2FF0 /* GameViewController.swift */,
				6486F2CB27C56475009C2FF0 /* Main.storyboard */,
				6486F2CE27C56476009C2FF0 /* Assets.xcassets */,
				6486F2D027C56476009C2FF0 /* Info.plist */,
				6424045C27C6B00B0053B5E3 /* TapArea.swift */,
				64A5084A27D13CE100FC4407 /* Bokeh.sks */,
				6456886027DFB11A00888395 /* Magic.sks */,
				64A5084D27D1415000FC4407 /* splash.aiff */,
				64F2BA7727DF7C05006E9570 /* robot-click.aiff */,
				6456886227DFB54F00888395 /* wromg.aiff */,
				647468A827D931C3005F2444 /* CityLights.mp3 */,
				647468A627D92AEC005F2444 /* monsters.mp3 */,
				642A9E9627D6898F00DE4098 /* GameOverScene.swift */,
				642A9E9A27D68A1F00DE4098 /* GameOverScene.sks */,
			);
			path = Freethereum;
			sourceTree = "<group>";
		};
/* End PBXGroup section */

/* Begin PBXNativeTarget section */
		6486F2BD27C56475009C2FF0 /* Freethereum */ = {
			isa = PBXNativeTarget;
			buildConfigurationList = 6486F2D327C56476009C2FF0 /* Build configuration list for PBXNativeTarget "Freethereum" */;
			buildPhases = (
				6486F2BA27C56475009C2FF0 /* Sources */,
				6486F2BB27C56475009C2FF0 /* Frameworks */,
				6486F2BC27C56475009C2FF0 /* Resources */,
			);
			buildRules = (
			);
			dependencies = (
			);
			name = Freethereum;
			productName = Freethereum;
			productReference = 6486F2BE27C56475009C2FF0 /* Freethereum.app */;
			productType = "com.apple.product-type.application";
		};
/* End PBXNativeTarget section */

/* Begin PBXProject section */
		6486F2B627C56475009C2FF0 /* Project object */ = {
			isa = PBXProject;
			attributes = {
				LastSwiftUpdateCheck = 1250;
				LastUpgradeCheck = 1250;
				TargetAttributes = {
					6486F2BD27C56475009C2FF0 = {
						CreatedOnToolsVersion = 12.5.1;
					};
				};
			};
			buildConfigurationList = 6486F2B927C56475009C2FF0 /* Build configuration list for PBXProject "Freethereum" */;
			compatibilityVersion = "Xcode 9.3";
			developmentRegion = en;
			hasScannedForEncodings = 0;
			knownRegions = (
				en,
				Base,
			);
			mainGroup = 6486F2B527C56475009C2FF0;
			productRefGroup = 6486F2BF27C56475009C2FF0 /* Products */;
			projectDirPath = "";
			projectRoot = "";
			targets = (
				6486F2BD27C56475009C2FF0 /* Freethereum */,
			);
		};
/* End PBXProject section */

/* Begin PBXResourcesBuildPhase section */
		6486F2BC27C56475009C2FF0 /* Resources */ = {
			isa = PBXResourcesBuildPhase;
			buildActionMask = 2147483647;
			files = (
				647468A927D931C3005F2444 /* CityLights.mp3 in Resources */,
				642A9E9B27D68A1F00DE4098 /* GameOverScene.sks in Resources */,
				64A5084F27D1415000FC4407 /* splash.aiff in Resources */,
				64F2BA7827DF7C05006E9570 /* robot-click.aiff in Resources */,
				6486F2CD27C56475009C2FF0 /* Main.storyboard in Resources */,
				6456886327DFB54F00888395 /* wromg.aiff in Resources */,
				64A5084B27D13CE100FC4407 /* Bokeh.sks in Resources */,
				647468A727D92AEC005F2444 /* monsters.mp3 in Resources */,
				6456886127DFB11A00888395 /* Magic.sks in Resources */,
				6486F2C427C56475009C2FF0 /* GameScene.sks in Resources */,
				6486F2CF27C56476009C2FF0 /* Assets.xcassets in Resources */,
			);
			runOnlyForDeploymentPostprocessing = 0;
		};
/* End PBXResourcesBuildPhase section */

/* Begin PBXSourcesBuildPhase section */
		6486F2BA27C56475009C2FF0 /* Sources */ = {
			isa = PBXSourcesBuildPhase;
			buildActionMask = 2147483647;
			files = (
				642A9E9727D6898F00DE4098 /* GameOverScene.swift in Sources */,
				6486F2C827C56475009C2FF0 /* GameScene.swift in Sources */,
				6486F2CA27C56475009C2FF0 /* GameViewController.swift in Sources */,
				6424045D27C6B00B0053B5E3 /* TapArea.swift in Sources */,
				6486F2C227C56475009C2FF0 /* AppDelegate.swift in Sources */,
			);
			runOnlyForDeploymentPostprocessing = 0;
		};
/* End PBXSourcesBuildPhase section */

/* Begin PBXVariantGroup section */
		6486F2CB27C56475009C2FF0 /* Main.storyboard */ = {
			isa = PBXVariantGroup;
			children = (
				6486F2CC27C56475009C2FF0 /* Base */,
			);
			name = Main.storyboard;
			sourceTree = "<group>";
		};
/* End PBXVariantGroup section */

/* Begin XCBuildConfiguration section */
		6486F2D127C56476009C2FF0 /* Debug */ = {
			isa = XCBuildConfiguration;
			buildSettings = {
				ALWAYS_SEARCH_USER_PATHS = NO;
				CLANG_ANALYZER_NONNULL = YES;
				CLANG_ANALYZER_NUMBER_OBJECT_CONVERSION = YES_AGGRESSIVE;
				CLANG_CXX_LANGUAGE_STANDARD = "gnu++14";
				CLANG_CXX_LIBRARY = "libc++";
				CLANG_ENABLE_MODULES = YES;
				CLANG_ENABLE_OBJC_ARC = YES;
				CLANG_ENABLE_OBJC_WEAK = YES;
				CLANG_WARN_BLOCK_CAPTURE_AUTORELEASING = YES;
				CLANG_WARN_BOOL_CONVERSION = YES;
				CLANG_WARN_COMMA = YES;
				CLANG_WARN_CONSTANT_CONVERSION = YES;
				CLANG_WARN_DEPRECATED_OBJC_IMPLEMENTATIONS = YES;
				CLANG_WARN_DIRECT_OBJC_ISA_USAGE = YES_ERROR;
				CLANG_WARN_DOCUMENTATION_COMMENTS = YES;
				CLANG_WARN_EMPTY_BODY = YES;
				CLANG_WARN_ENUM_CONVERSION = YES;
				CLANG_WARN_INFINITE_RECURSION = YES;
				CLANG_WARN_INT_CONVERSION = YES;
				CLANG_WARN_NON_LITERAL_NULL_CONVERSION = YES;
				CLANG_WARN_OBJC_IMPLICIT_RETAIN_SELF = YES;
				CLANG_WARN_OBJC_LITERAL_CONVERSION = YES;
				CLANG_WARN_OBJC_ROOT_CLASS = YES_ERROR;
				CLANG_WARN_QUOTED_INCLUDE_IN_FRAMEWORK_HEADER = YES;
				CLANG_WARN_RANGE_LOOP_ANALYSIS = YES;
				CLANG_WARN_STRICT_PROTOTYPES = YES;
				CLANG_WARN_SUSPICIOUS_MOVE = YES;
				CLANG_WARN_UNGUARDED_AVAILABILITY = YES_AGGRESSIVE;
				CLANG_WARN_UNREACHABLE_CODE = YES;
				CLANG_WARN__DUPLICATE_METHOD_MATCH = YES;
				COPY_PHASE_STRIP = NO;
				DEBUG_INFORMATION_FORMAT = dwarf;
				ENABLE_STRICT_OBJC_MSGSEND = YES;
				ENABLE_TESTABILITY = YES;
				GCC_C_LANGUAGE_STANDARD = gnu11;
				GCC_DYNAMIC_NO_PIC = NO;
				GCC_NO_COMMON_BLOCKS = YES;
				GCC_OPTIMIZATION_LEVEL = 0;
				GCC_PREPROCESSOR_DEFINITIONS = (
					"DEBUG=1",
					"$(inherited)",
				);
				GCC_WARN_64_TO_32_BIT_CONVERSION = YES;
				GCC_WARN_ABOUT_RETURN_TYPE = YES_ERROR;
				GCC_WARN_UNDECLARED_SELECTOR = YES;
				GCC_WARN_UNINITIALIZED_AUTOS = YES_AGGRESSIVE;
				GCC_WARN_UNUSED_FUNCTION = YES;
				GCC_WARN_UNUSED_VARIABLE = YES;
				IPHONEOS_DEPLOYMENT_TARGET = 14.5;
				MTL_ENABLE_DEBUG_INFO = INCLUDE_SOURCE;
				MTL_FAST_MATH = YES;
				ONLY_ACTIVE_ARCH = YES;
				SDKROOT = iphoneos;
				SWIFT_ACTIVE_COMPILATION_CONDITIONS = DEBUG;
				SWIFT_OPTIMIZATION_LEVEL = "-Onone";
			};
			name = Debug;
		};
		6486F2D227C56476009C2FF0 /* Release */ = {
			isa = XCBuildConfiguration;
			buildSettings = {
				ALWAYS_SEARCH_USER_PATHS = NO;
				CLANG_ANALYZER_NONNULL = YES;
				CLANG_ANALYZER_NUMBER_OBJECT_CONVERSION = YES_AGGRESSIVE;
				CLANG_CXX_LANGUAGE_STANDARD = "gnu++14";
				CLANG_CXX_LIBRARY = "libc++";
				CLANG_ENABLE_MODULES = YES;
				CLANG_ENABLE_OBJC_ARC = YES;
				CLANG_ENABLE_OBJC_WEAK = YES;
				CLANG_WARN_BLOCK_CAPTURE_AUTORELEASING = YES;
				CLANG_WARN_BOOL_CONVERSION = YES;
				CLANG_WARN_COMMA = YES;
				CLANG_WARN_CONSTANT_CONVERSION = YES;
				CLANG_WARN_DEPRECATED_OBJC_IMPLEMENTATIONS = YES;
				CLANG_WARN_DIRECT_OBJC_ISA_USAGE = YES_ERROR;
				CLANG_WARN_DOCUMENTATION_COMMENTS = YES;
				CLANG_WARN_EMPTY_BODY = YES;
				CLANG_WARN_ENUM_CONVERSION = YES;
				CLANG_WARN_INFINITE_RECURSION = YES;
				CLANG_WARN_INT_CONVERSION = YES;
				CLANG_WARN_NON_LITERAL_NULL_CONVERSION = YES;
				CLANG_WARN_OBJC_IMPLICIT_RETAIN_SELF = YES;
				CLANG_WARN_OBJC_LITERAL_CONVERSION = YES;
				CLANG_WARN_OBJC_ROOT_CLASS = YES_ERROR;
				CLANG_WARN_QUOTED_INCLUDE_IN_FRAMEWORK_HEADER = YES;
				CLANG_WARN_RANGE_LOOP_ANALYSIS = YES;
				CLANG_WARN_STRICT_PROTOTYPES = YES;
				CLANG_WARN_SUSPICIOUS_MOVE = YES;
				CLANG_WARN_UNGUARDED_AVAILABILITY = YES_AGGRESSIVE;
				CLANG_WARN_UNREACHABLE_CODE = YES;
				CLANG_WARN__DUPLICATE_METHOD_MATCH = YES;
				COPY_PHASE_STRIP = NO;
				DEBUG_INFORMATION_FORMAT = "dwarf-with-dsym";
				ENABLE_NS_ASSERTIONS = NO;
				ENABLE_STRICT_OBJC_MSGSEND = YES;
				GCC_C_LANGUAGE_STANDARD = gnu11;
				GCC_NO_COMMON_BLOCKS = YES;
				GCC_WARN_64_TO_32_BIT_CONVERSION = YES;
				GCC_WARN_ABOUT_RETURN_TYPE = YES_ERROR;
				GCC_WARN_UNDECLARED_SELECTOR = YES;
				GCC_WARN_UNINITIALIZED_AUTOS = YES_AGGRESSIVE;
				GCC_WARN_UNUSED_FUNCTION = YES;
				GCC_WARN_UNUSED_VARIABLE = YES;
				IPHONEOS_DEPLOYMENT_TARGET = 14.5;
				MTL_ENABLE_DEBUG_INFO = NO;
				MTL_FAST_MATH = YES;
				SDKROOT = iphoneos;
				SWIFT_COMPILATION_MODE = wholemodule;
				SWIFT_OPTIMIZATION_LEVEL = "-O";
				VALIDATE_PRODUCT = YES;
			};
			name = Release;
		};
		6486F2D427C56476009C2FF0 /* Debug */ = {
			isa = XCBuildConfiguration;
			buildSettings = {
				ASSETCATALOG_COMPILER_APPICON_NAME = AppIcon;
				ASSETCATALOG_COMPILER_GLOBAL_ACCENT_COLOR_NAME = AccentColor;
				CODE_SIGN_STYLE = Automatic;
				INFOPLIST_FILE = Freethereum/Info.plist;
				LD_RUNPATH_SEARCH_PATHS = (
					"$(inherited)",
					"@executable_path/Frameworks",
				);
				PRODUCT_BUNDLE_IDENTIFIER = com.jonesclass.singh.Freethereum;
				PRODUCT_NAME = "$(TARGET_NAME)";
				SWIFT_VERSION = 5.0;
				TARGETED_DEVICE_FAMILY = "1,2";
			};
			name = Debug;
		};
		6486F2D527C56476009C2FF0 /* Release */ = {
			isa = XCBuildConfiguration;
			buildSettings = {
				ASSETCATALOG_COMPILER_APPICON_NAME = AppIcon;
				ASSETCATALOG_COMPILER_GLOBAL_ACCENT_COLOR_NAME = AccentColor;
				CODE_SIGN_STYLE = Automatic;
				INFOPLIST_FILE = Freethereum/Info.plist;
				LD_RUNPATH_SEARCH_PATHS = (
					"$(inherited)",
					"@executable_path/Frameworks",
				);
				PRODUCT_BUNDLE_IDENTIFIER = com.jonesclass.singh.Freethereum;
				PRODUCT_NAME = "$(TARGET_NAME)";
				SWIFT_VERSION = 5.0;
				TARGETED_DEVICE_FAMILY = "1,2";
			};
			name = Release;
		};
/* End XCBuildConfiguration section */

/* Begin XCConfigurationList section */
		6486F2B927C56475009C2FF0 /* Build configuration list for PBXProject "Freethereum" */ = {
			isa = XCConfigurationList;
			buildConfigurations = (
				6486F2D127C56476009C2FF0 /* Debug */,
				6486F2D227C56476009C2FF0 /* Release */,
			);
			defaultConfigurationIsVisible = 0;
			defaultConfigurationName = Release;
		};
		6486F2D327C56476009C2FF0 /* Build configuration list for PBXNativeTarget "Freethereum" */ = {
			isa = XCConfigurationList;
			buildConfigurations = (
				6486F2D427C56476009C2FF0 /* Debug */,
				6486F2D527C56476009C2FF0 /* Release */,
			);
			defaultConfigurationIsVisible = 0;
			defaultConfigurationName = Release;
		};
/* End XCConfigurationList section */
	};
	rootObject = 6486F2B627C56475009C2FF0 /* Project object */;
}
